{
  "name": "solana-ai-explorer",
  "version": "1.0.0",
  "lockfileVersion": 3,
  "requires": true,
  "packages": {
    "": {
      "name": "solana-ai-explorer",
      "version": "1.0.0",
      "dependencies": {
        "express": "^4.18.2",
        "cors": "^2.8.5",
        "helmet": "^7.1.0",
        "dotenv": "^16.3.1",
        "axios": "^1.6.2",
        "pg": "^8.11.3",
        "redis": "^4.6.10",
        "openai": "^4.20.1",
        "@solana/web3.js": "^1.87.6",
        "node-cron": "^3.0.3",
        "winston": "^3.11.0",
        "express-rate-limit": "^7.1.5",
        "compression": "^1.7.4"
      }
    }
  }
}
